{
  "name": "FIT3162",
  "lockfileVersion": 3,
  "requires": true,
  "packages": {
    "": {
      "dependencies": {
        "dot-env": "^0.0.1",
        "rxjs": "^7.8.1"
      },
      "devDependencies": {
        "@types/node": "^20.14.8"
      }
    },
    "node_modules/@types/node": {
      "version": "20.14.8",
      "resolved": "https://registry.npmjs.org/@types/node/-/node-20.14.8.tgz",
      "integrity": "sha512-DO+2/jZinXfROG7j7WKFn/3C6nFwxy2lLpgLjEXJz+0XKphZlTLJ14mo8Vfg8X5BWN6XjyESXq+LcYdT7tR3bA==",
      "dev": true,
      "dependencies": {
        "undici-types": "~5.26.4"
      }
    },
    "node_modules/dot-env": {
      "version": "0.0.1",
      "resolved": "https://registry.npmjs.org/dot-env/-/dot-env-0.0.1.tgz",
      "integrity": "sha512-SajHtzm3v7yjMH8DW9xY+4i7Zv/cN3aMtLVy0mRMuZu8L9qRCR7CNqcl4KBbG27e5Up4BpSlEyPXXLNbSAe2DQ=="
    },
    "node_modules/rxjs": {
      "version": "7.8.1",
      "resolved": "https://registry.npmjs.org/rxjs/-/rxjs-7.8.1.tgz",
      "integrity": "sha512-AA3TVj+0A2iuIoQkWEK/tqFjBq2j+6PO6Y0zJcvzLAFhEFIO3HL0vls9hWLncZbAAbK0mar7oZ4V079I/qPMxg==",
      "dependencies": {
        "tslib": "^2.1.0"
      }
    },
    "node_modules/tslib": {
      "version": "2.6.3",
      "resolved": "https://registry.npmjs.org/tslib/-/tslib-2.6.3.tgz",
      "integrity": "sha512-xNvxJEOUiWPGhUuUdQgAJPKOOJfGnIyKySOc09XkKsgdUV/3E2zvwZYdejjmRgPCgcym1juLH3226yA7sEFJKQ=="
    },
    "node_modules/undici-types": {
      "version": "5.26.5",
      "resolved": "https://registry.npmjs.org/undici-types/-/undici-types-5.26.5.tgz",
      "integrity": "sha512-JlCMO+ehdEIKqlFxk6IfVoAUVmgz7cU7zD/h9XZ0qzeosSHmUJVOzSQvvYSYWXkFXC+IfLKSIffhv0sVZup6pA==",
      "dev": true
    }
  }
}
